
Microsoft Visual Studio Solution File, Format Version 11.00
# Visual Studio 2010
Project("{FAE04EC0-301F-11D3-BF4B-00C04F79EFBC}") = "InactiveUserApplication", "InactiveUserApplication\InactiveUserApplication.csproj", "{C183CC06-23C2-4351-B358-F0A575C212AE}"
EndProject
Global
	GlobalSection(SolutionConfigurationPlatforms) = preSolution
		Debug|x86 = Debug|x86
		Release|x86 = Release|x86
	EndGlobalSection
	GlobalSection(ProjectConfigurationPlatforms) = postSolution
		{C183CC06-23C2-4351-B358-F0A575C212AE}.Debug|x86.ActiveCfg = Debug|x86
		{C183CC06-23C2-4351-B358-F0A575C212AE}.Debug|x86.Build.0 = Debug|x86
		{C183CC06-23C2-4351-B358-F0A575C212AE}.Release|x86.ActiveCfg = Release|x86
		{C183CC06-23C2-4351-B358-F0A575C212AE}.Release|x86.Build.0 = Release|x86
	EndGlobalSection
	GlobalSection(SolutionProperties) = preSolution
		HideSolutionNode = FALSE
	EndGlobalSection
EndGlobal
